// !$*UTF8*$!
{
	archiveVersion = 1;
	classes = {
	};
	objectVersion = 56;
	objects = {

/* Begin PBXBuildFile section */
		CD54B06D29952EB6006AEF7A /* AppDelegate.swift in Sources */ = {isa = PBXBuildFile; fileRef = CD54B06C29952EB6006AEF7A /* AppDelegate.swift */; };
		CD54B06F29952EB6006AEF7A /* SceneDelegate.swift in Sources */ = {isa = PBXBuildFile; fileRef = CD54B06E29952EB6006AEF7A /* SceneDelegate.swift */; };
		CD54B07129952EB6006AEF7A /* ViewController.swift in Sources */ = {isa = PBXBuildFile; fileRef = CD54B07029952EB6006AEF7A /* ViewController.swift */; };
		CD54B07429952EB6006AEF7A /* Main.storyboard in Resources */ = {isa = PBXBuildFile; fileRef = CD54B07229952EB6006AEF7A /* Main.storyboard */; };
		CD54B07629952EB7006AEF7A /* Assets.xcassets in Resources */ = {isa = PBXBuildFile; fileRef = CD54B07529952EB7006AEF7A /* Assets.xcassets */; };
		CD54B07929952EB7006AEF7A /* LaunchScreen.storyboard in Resources */ = {isa = PBXBuildFile; fileRef = CD54B07729952EB7006AEF7A /* LaunchScreen.storyboard */; };
		CD54B08429952EB7006AEF7A /* StoryboardTestTests.swift in Sources */ = {isa = PBXBuildFile; fileRef = CD54B08329952EB7006AEF7A /* StoryboardTestTests.swift */; };
		CD54B08E29952EB7006AEF7A /* StoryboardTestUITests.swift in Sources */ = {isa = PBXBuildFile; fileRef = CD54B08D29952EB7006AEF7A /* StoryboardTestUITests.swift */; };
		CD54B09029952EB7006AEF7A /* StoryboardTestUITestsLaunchTests.swift in Sources */ = {isa = PBXBuildFile; fileRef = CD54B08F29952EB7006AEF7A /* StoryboardTestUITestsLaunchTests.swift */; };
/* End PBXBuildFile section */

/* Begin PBXContainerItemProxy section */
		CD54B08029952EB7006AEF7A /* PBXContainerItemProxy */ = {
			isa = PBXContainerItemProxy;
			containerPortal = CD54B06129952EB6006AEF7A /* Project object */;
			proxyType = 1;
			remoteGlobalIDString = CD54B06829952EB6006AEF7A;
			remoteInfo = StoryboardTest;
		};
		CD54B08A29952EB7006AEF7A /* PBXContainerItemProxy */ = {
			isa = PBXContainerItemProxy;
			containerPortal = CD54B06129952EB6006AEF7A /* Project object */;
			proxyType = 1;
			remoteGlobalIDString = CD54B06829952EB6006AEF7A;
			remoteInfo = StoryboardTest;
		};
/* End PBXContainerItemProxy section */

/* Begin PBXFileReference section */
		CD54B06929952EB6006AEF7A /* StoryboardTest.app */ = {isa = PBXFileReference; explicitFileType = wrapper.application; includeInIndex = 0; path = StoryboardTest.app; sourceTree = BUILT_PRODUCTS_DIR; };
		CD54B06C29952EB6006AEF7A /* AppDelegate.swift */ = {isa = PBXFileReference; lastKnownFileType = sourcecode.swift; path = AppDelegate.swift; sourceTree = "<group>"; };
		CD54B06E29952EB6006AEF7A /* SceneDelegate.swift */ = {isa = PBXFileReference; lastKnownFileType = sourcecode.swift; path = SceneDelegate.swift; sourceTree = "<group>"; };
		CD54B07029952EB6006AEF7A /* ViewController.swift */ = {isa = PBXFileReference; lastKnownFileType = sourcecode.swift; path = ViewController.swift; sourceTree = "<group>"; };
		CD54B07329952EB6006AEF7A /* Base */ = {isa = PBXFileReference; lastKnownFileType = file.storyboard; name = Base; path = Base.lproj/Main.storyboard; sourceTree = "<group>"; };
		CD54B07529952EB7006AEF7A /* Assets.xcassets */ = {isa = PBXFileReference; lastKnownFileType = folder.assetcatalog; path = Assets.xcassets; sourceTree = "<group>"; };
		CD54B07829952EB7006AEF7A /* Base */ = {isa = PBXFileReference; lastKnownFileType = file.storyboard; name = Base; path = Base.lproj/LaunchScreen.storyboard; sourceTree = "<group>"; };
		CD54B07A29952EB7006AEF7A /* Info.plist */ = {isa = PBXFileReference; lastKnownFileType = text.plist.xml; path = Info.plist; sourceTree = "<group>"; };
		CD54B07F29952EB7006AEF7A /* StoryboardTestTests.xctest */ = {isa = PBXFileReference; explicitFileType = wrapper.cfbundle; includeInIndex = 0; path = StoryboardTestTests.xctest; sourceTree = BUILT_PRODUCTS_DIR; };
		CD54B08329952EB7006AEF7A /* StoryboardTestTests.swift */ = {isa = PBXFileReference; lastKnownFileType = sourcecode.swift; path = StoryboardTestTests.swift; sourceTree = "<group>"; };
		CD54B08929952EB7006AEF7A /* StoryboardTestUITests.xctest */ = {isa = PBXFileReference; explicitFileType = wrapper.cfbundle; includeInIndex = 0; path = StoryboardTestUITests.xctest; sourceTree = BUILT_PRODUCTS_DIR; };
		CD54B08D29952EB7006AEF7A /* StoryboardTestUITests.swift */ = {isa = PBXFileReference; lastKnownFileType = sourcecode.swift; path = StoryboardTestUITests.swift; sourceTree = "<group>"; };
		CD54B08F29952EB7006AEF7A /* StoryboardTestUITestsLaunchTests.swift */ = {isa = PBXFileReference; lastKnownFileType = sourcecode.swift; path = StoryboardTestUITestsLaunchTests.swift; sourceTree = "<group>"; };
/* End PBXFileReference section */

/* Begin PBXFrameworksBuildPhase section */
		CD54B06629952EB6006AEF7A /* Frameworks */ = {
			isa = PBXFrameworksBuildPhase;
			buildActionMask = 2147483647;
			files = (
			);
			runOnlyForDeploymentPostprocessing = 0;
		};
		CD54B07C29952EB7006AEF7A /* Frameworks */ = {
			isa = PBXFrameworksBuildPhase;
			buildActionMask = 2147483647;
			files = (
			);
			runOnlyForDeploymentPostprocessing = 0;
		};
		CD54B08629952EB7006AEF7A /* Frameworks */ = {
			isa = PBXFrameworksBuildPhase;
			buildActionMask = 2147483647;
			files = (
			);
			runOnlyForDeploymentPostprocessing = 0;
		};
/* End PBXFrameworksBuildPhase section */

/* Begin PBXGroup section */
		CD54B06029952EB6006AEF7A = {
			isa = PBXGroup;
			children = (
				CD54B06B29952EB6006AEF7A /* StoryboardTest */,
				CD54B08229952EB7006AEF7A /* StoryboardTestTests */,
				CD54B08C29952EB7006AEF7A /* StoryboardTestUITests */,
				CD54B06A29952EB6006AEF7A /* Products */,
			);
			sourceTree = "<group>";
		};
		CD54B06A29952EB6006AEF7A /* Products */ = {
			isa = PBXGroup;
			children = (
				CD54B06929952EB6006AEF7A /* StoryboardTest.app */,
				CD54B07F29952EB7006AEF7A /* StoryboardTestTests.xctest */,
				CD54B08929952EB7006AEF7A /* StoryboardTestUITests.xctest */,
			);
			name = Products;
			sourceTree = "<group>";
		};
		CD54B06B29952EB6006AEF7A /* StoryboardTest */ = {
			isa = PBXGroup;
			children = (
				CD54B06C29952EB6006AEF7A /* AppDelegate.swift */,
				CD54B06E29952EB6006AEF7A /* SceneDelegate.swift */,
				CD54B07029952EB6006AEF7A /* ViewController.swift */,
				CD54B07229952EB6006AEF7A /* Main.storyboard */,
				CD54B07529952EB7006AEF7A /* Assets.xcassets */,
				CD54B07729952EB7006AEF7A /* LaunchScreen.storyboard */,
				CD54B07A29952EB7006AEF7A /* Info.plist */,
			);
			path = StoryboardTest;
			sourceTree = "<group>";
		};
		CD54B08229952EB7006AEF7A /* StoryboardTestTests */ = {
			isa = PBXGroup;
			children = (
				CD54B08329952EB7006AEF7A /* StoryboardTestTests.swift */,
			);
			path = StoryboardTestTests;
			sourceTree = "<group>";
		};
		CD54B08C29952EB7006AEF7A /* StoryboardTestUITests */ = {
			isa = PBXGroup;
			children = (
				CD54B08D29952EB7006AEF7A /* StoryboardTestUITests.swift */,
				CD54B08F29952EB7006AEF7A /* StoryboardTestUITestsLaunchTests.swift */,
			);
			path = StoryboardTestUITests;
			sourceTree = "<group>";
		};
/* End PBXGroup section */

/* Begin PBXNativeTarget section */
		CD54B06829952EB6006AEF7A /* StoryboardTest */ = {
			isa = PBXNativeTarget;
			buildConfigurationList = CD54B09329952EB7006AEF7A /* Build configuration list for PBXNativeTarget "StoryboardTest" */;
			buildPhases = (
				CD54B06529952EB6006AEF7A /* Sources */,
				CD54B06629952EB6006AEF7A /* Frameworks */,
				CD54B06729952EB6006AEF7A /* Resources */,
			);
			buildRules = (
			);
			dependencies = (
			);
			name = StoryboardTest;
			productName = StoryboardTest;
			productReference = CD54B06929952EB6006AEF7A /* StoryboardTest.app */;
			productType = "com.apple.product-type.application";
		};
		CD54B07E29952EB7006AEF7A /* StoryboardTestTests */ = {
			isa = PBXNativeTarget;
			buildConfigurationList = CD54B09629952EB7006AEF7A /* Build configuration list for PBXNativeTarget "StoryboardTestTests" */;
			buildPhases = (
				CD54B07B29952EB7006AEF7A /* Sources */,
				CD54B07C29952EB7006AEF7A /* Frameworks */,
				CD54B07D29952EB7006AEF7A /* Resources */,
			);
			buildRules = (
			);
			dependencies = (
				CD54B08129952EB7006AEF7A /* PBXTargetDependency */,
			);
			name = StoryboardTestTests;
			productName = StoryboardTestTests;
			productReference = CD54B07F29952EB7006AEF7A /* StoryboardTestTests.xctest */;
			productType = "com.apple.product-type.bundle.unit-test";
		};
		CD54B08829952EB7006AEF7A /* StoryboardTestUITests */ = {
			isa = PBXNativeTarget;
			buildConfigurationList = CD54B09929952EB7006AEF7A /* Build configuration list for PBXNativeTarget "StoryboardTestUITests" */;
			buildPhases = (
				CD54B08529952EB7006AEF7A /* Sources */,
				CD54B08629952EB7006AEF7A /* Frameworks */,
				CD54B08729952EB7006AEF7A /* Resources */,
			);
			buildRules = (
			);
			dependencies = (
				CD54B08B29952EB7006AEF7A /* PBXTargetDependency */,
			);
			name = StoryboardTestUITests;
			productName = StoryboardTestUITests;
			productReference = CD54B08929952EB7006AEF7A /* StoryboardTestUITests.xctest */;
			productType = "com.apple.product-type.bundle.ui-testing";
		};
/* End PBXNativeTarget section */

/* Begin PBXProject section */
		CD54B06129952EB6006AEF7A /* Project object */ = {
			isa = PBXProject;
			attributes = {
				BuildIndependentTargetsInParallel = 1;
				LastSwiftUpdateCheck = 1420;
				LastUpgradeCheck = 1420;
				TargetAttributes = {
					CD54B06829952EB6006AEF7A = {
						CreatedOnToolsVersion = 14.2;
					};
					CD54B07E29952EB7006AEF7A = {
						CreatedOnToolsVersion = 14.2;
						TestTargetID = CD54B06829952EB6006AEF7A;
					};
					CD54B08829952EB7006AEF7A = {
						CreatedOnToolsVersion = 14.2;
						TestTargetID = CD54B06829952EB6006AEF7A;
					};
				};
			};
			buildConfigurationList = CD54B06429952EB6006AEF7A /* Build configuration list for PBXProject "StoryboardTest" */;
			compatibilityVersion = "Xcode 14.0";
			developmentRegion = en;
			hasScannedForEncodings = 0;
			knownRegions = (
				en,
				Base,
			);
			mainGroup = CD54B06029952EB6006AEF7A;
			productRefGroup = CD54B06A29952EB6006AEF7A /* Products */;
			projectDirPath = "";
			projectRoot = "";
			targets = (
				CD54B06829952EB6006AEF7A /* StoryboardTest */,
				CD54B07E29952EB7006AEF7A /* StoryboardTestTests */,
				CD54B08829952EB7006AEF7A /* StoryboardTestUITests */,
			);
		};
/* End PBXProject section */

/* Begin PBXResourcesBuildPhase section */
		CD54B06729952EB6006AEF7A /* Resources */ = {
			isa = PBXResourcesBuildPhase;
			buildActionMask = 2147483647;
			files = (
				CD54B07929952EB7006AEF7A /* LaunchScreen.storyboard in Resources */,
				CD54B07629952EB7006AEF7A /* Assets.xcassets in Resources */,
				CD54B07429952EB6006AEF7A /* Main.storyboard in Resources */,
			);
			runOnlyForDeploymentPostprocessing = 0;
		};
		CD54B07D29952EB7006AEF7A /* Resources */ = {
			isa = PBXResourcesBuildPhase;
			buildActionMask = 2147483647;
			files = (
			);
			runOnlyForDeploymentPostprocessing = 0;
		};
		CD54B08729952EB7006AEF7A /* Resources */ = {
			isa = PBXResourcesBuildPhase;
			buildActionMask = 2147483647;
			files = (
			);
			runOnlyForDeploymentPostprocessing = 0;
		};
/* End PBXResourcesBuildPhase section */

/* Begin PBXSourcesBuildPhase section */
		CD54B06529952EB6006AEF7A /* Sources */ = {
			isa = PBXSourcesBuildPhase;
			buildActionMask = 2147483647;
			files = (
				CD54B07129952EB6006AEF7A /* ViewController.swift in Sources */,
				CD54B06D29952EB6006AEF7A /* AppDelegate.swift in Sources */,
				CD54B06F29952EB6006AEF7A /* SceneDelegate.swift in Sources */,
			);
			runOnlyForDeploymentPostprocessing = 0;
		};
		CD54B07B29952EB7006AEF7A /* Sources */ = {
			isa = PBXSourcesBuildPhase;
			buildActionMask = 2147483647;
			files = (
				CD54B08429952EB7006AEF7A /* StoryboardTestTests.swift in Sources */,
			);
			runOnlyForDeploymentPostprocessing = 0;
		};
		CD54B08529952EB7006AEF7A /* Sources */ = {
			isa = PBXSourcesBuildPhase;
			buildActionMask = 2147483647;
			files = (
				CD54B08E29952EB7006AEF7A /* StoryboardTestUITests.swift in Sources */,
				CD54B09029952EB7006AEF7A /* StoryboardTestUITestsLaunchTests.swift in Sources */,
			);
			runOnlyForDeploymentPostprocessing = 0;
		};
/* End PBXSourcesBuildPhase section */

/* Begin PBXTargetDependency section */
		CD54B08129952EB7006AEF7A /* PBXTargetDependency */ = {
			isa = PBXTargetDependency;
			target = CD54B06829952EB6006AEF7A /* StoryboardTest */;
			targetProxy = CD54B08029952EB7006AEF7A /* PBXContainerItemProxy */;
		};
		CD54B08B29952EB7006AEF7A /* PBXTargetDependency */ = {
			isa = PBXTargetDependency;
			target = CD54B06829952EB6006AEF7A /* StoryboardTest */;
			targetProxy = CD54B08A29952EB7006AEF7A /* PBXContainerItemProxy */;
		};
/* End PBXTargetDependency section */

/* Begin PBXVariantGroup section */
		CD54B07229952EB6006AEF7A /* Main.storyboard */ = {
			isa = PBXVariantGroup;
			children = (
				CD54B07329952EB6006AEF7A /* Base */,
			);
			name = Main.storyboard;
			sourceTree = "<group>";
		};
		CD54B07729952EB7006AEF7A /* LaunchScreen.storyboard */ = {
			isa = PBXVariantGroup;
			children = (
				CD54B07829952EB7006AEF7A /* Base */,
			);
			name = LaunchScreen.storyboard;
			sourceTree = "<group>";
		};
/* End PBXVariantGroup section */

/* Begin XCBuildConfiguration section */
		CD54B09129952EB7006AEF7A /* Debug */ = {
			isa = XCBuildConfiguration;
			buildSettings = {
				ALWAYS_SEARCH_USER_PATHS = NO;
				CLANG_ANALYZER_NONNULL = YES;
				CLANG_ANALYZER_NUMBER_OBJECT_CONVERSION = YES_AGGRESSIVE;
				CLANG_CXX_LANGUAGE_STANDARD = "gnu++20";
				CLANG_ENABLE_MODULES = YES;
				CLANG_ENABLE_OBJC_ARC = YES;
				CLANG_ENABLE_OBJC_WEAK = YES;
				CLANG_WARN_BLOCK_CAPTURE_AUTORELEASING = YES;
				CLANG_WARN_BOOL_CONVERSION = YES;
				CLANG_WARN_COMMA = YES;
				CLANG_WARN_CONSTANT_CONVERSION = YES;
				CLANG_WARN_DEPRECATED_OBJC_IMPLEMENTATIONS = YES;
				CLANG_WARN_DIRECT_OBJC_ISA_USAGE = YES_ERROR;
				CLANG_WARN_DOCUMENTATION_COMMENTS = YES;
				CLANG_WARN_EMPTY_BODY = YES;
				CLANG_WARN_ENUM_CONVERSION = YES;
				CLANG_WARN_INFINITE_RECURSION = YES;
				CLANG_WARN_INT_CONVERSION = YES;
				CLANG_WARN_NON_LITERAL_NULL_CONVERSION = YES;
				CLANG_WARN_OBJC_IMPLICIT_RETAIN_SELF = YES;
				CLANG_WARN_OBJC_LITERAL_CONVERSION = YES;
				CLANG_WARN_OBJC_ROOT_CLASS = YES_ERROR;
				CLANG_WARN_QUOTED_INCLUDE_IN_FRAMEWORK_HEADER = YES;
				CLANG_WARN_RANGE_LOOP_ANALYSIS = YES;
				CLANG_WARN_STRICT_PROTOTYPES = YES;
				CLANG_WARN_SUSPICIOUS_MOVE = YES;
				CLANG_WARN_UNGUARDED_AVAILABILITY = YES_AGGRESSIVE;
				CLANG_WARN_UNREACHABLE_CODE = YES;
				CLANG_WARN__DUPLICATE_METHOD_MATCH = YES;
				COPY_PHASE_STRIP = NO;
				DEBUG_INFORMATION_FORMAT = dwarf;
				ENABLE_STRICT_OBJC_MSGSEND = YES;
				ENABLE_TESTABILITY = YES;
				GCC_C_LANGUAGE_STANDARD = gnu11;
				GCC_DYNAMIC_NO_PIC = NO;
				GCC_NO_COMMON_BLOCKS = YES;
				GCC_OPTIMIZATION_LEVEL = 0;
				GCC_PREPROCESSOR_DEFINITIONS = (
					"DEBUG=1",
					"$(inherited)",
				);
				GCC_WARN_64_TO_32_BIT_CONVERSION = YES;
				GCC_WARN_ABOUT_RETURN_TYPE = YES_ERROR;
				GCC_WARN_UNDECLARED_SELECTOR = YES;
				GCC_WARN_UNINITIALIZED_AUTOS = YES_AGGRESSIVE;
				GCC_WARN_UNUSED_FUNCTION = YES;
				GCC_WARN_UNUSED_VARIABLE = YES;
				IPHONEOS_DEPLOYMENT_TARGET = 16.2;
				MTL_ENABLE_DEBUG_INFO = INCLUDE_SOURCE;
				MTL_FAST_MATH = YES;
				ONLY_ACTIVE_ARCH = YES;
				SDKROOT = iphoneos;
				SWIFT_ACTIVE_COMPILATION_CONDITIONS = DEBUG;
				SWIFT_OPTIMIZATION_LEVEL = "-Onone";
			};
			name = Debug;
		};
		CD54B09229952EB7006AEF7A /* Release */ = {
			isa = XCBuildConfiguration;
			buildSettings = {
				ALWAYS_SEARCH_USER_PATHS = NO;
				CLANG_ANALYZER_NONNULL = YES;
				CLANG_ANALYZER_NUMBER_OBJECT_CONVERSION = YES_AGGRESSIVE;
				CLANG_CXX_LANGUAGE_STANDARD = "gnu++20";
				CLANG_ENABLE_MODULES = YES;
				CLANG_ENABLE_OBJC_ARC = YES;
				CLANG_ENABLE_OBJC_WEAK = YES;
				CLANG_WARN_BLOCK_CAPTURE_AUTORELEASING = YES;
				CLANG_WARN_BOOL_CONVERSION = YES;
				CLANG_WARN_COMMA = YES;
				CLANG_WARN_CONSTANT_CONVERSION = YES;
				CLANG_WARN_DEPRECATED_OBJC_IMPLEMENTATIONS = YES;
				CLANG_WARN_DIRECT_OBJC_ISA_USAGE = YES_ERROR;
				CLANG_WARN_DOCUMENTATION_COMMENTS = YES;
				CLANG_WARN_EMPTY_BODY = YES;
				CLANG_WARN_ENUM_CONVERSION = YES;
				CLANG_WARN_INFINITE_RECURSION = YES;
				CLANG_WARN_INT_CONVERSION = YES;
				CLANG_WARN_NON_LITERAL_NULL_CONVERSION = YES;
				CLANG_WARN_OBJC_IMPLICIT_RETAIN_SELF = YES;
				CLANG_WARN_OBJC_LITERAL_CONVERSION = YES;
				CLANG_WARN_OBJC_ROOT_CLASS = YES_ERROR;
				CLANG_WARN_QUOTED_INCLUDE_IN_FRAMEWORK_HEADER = YES;
				CLANG_WARN_RANGE_LOOP_ANALYSIS = YES;
				CLANG_WARN_STRICT_PROTOTYPES = YES;
				CLANG_WARN_SUSPICIOUS_MOVE = YES;
				CLANG_WARN_UNGUARDED_AVAILABILITY = YES_AGGRESSIVE;
				CLANG_WARN_UNREACHABLE_CODE = YES;
				CLANG_WARN__DUPLICATE_METHOD_MATCH = YES;
				COPY_PHASE_STRIP = NO;
				DEBUG_INFORMATION_FORMAT = "dwarf-with-dsym";
				ENABLE_NS_ASSERTIONS = NO;
				ENABLE_STRICT_OBJC_MSGSEND = YES;
				GCC_C_LANGUAGE_STANDARD = gnu11;
				GCC_NO_COMMON_BLOCKS = YES;
				GCC_WARN_64_TO_32_BIT_CONVERSION = YES;
				GCC_WARN_ABOUT_RETURN_TYPE = YES_ERROR;
				GCC_WARN_UNDECLARED_SELECTOR = YES;
				GCC_WARN_UNINITIALIZED_AUTOS = YES_AGGRESSIVE;
				GCC_WARN_UNUSED_FUNCTION = YES;
				GCC_WARN_UNUSED_VARIABLE = YES;
				IPHONEOS_DEPLOYMENT_TARGET = 16.2;
				MTL_ENABLE_DEBUG_INFO = NO;
				MTL_FAST_MATH = YES;
				SDKROOT = iphoneos;
				SWIFT_COMPILATION_MODE = wholemodule;
				SWIFT_OPTIMIZATION_LEVEL = "-O";
				VALIDATE_PRODUCT = YES;
			};
			name = Release;
		};
		CD54B09429952EB7006AEF7A /* Debug */ = {
			isa = XCBuildConfiguration;
			buildSettings = {
				ASSETCATALOG_COMPILER_APPICON_NAME = AppIcon;
				ASSETCATALOG_COMPILER_GLOBAL_ACCENT_COLOR_NAME = AccentColor;
				CODE_SIGN_STYLE = Automatic;
				CURRENT_PROJECT_VERSION = 1;
				DEVELOPMENT_TEAM = P3KXNQ9736;
				GENERATE_INFOPLIST_FILE = YES;
				INFOPLIST_FILE = StoryboardTest/Info.plist;
				INFOPLIST_KEY_UIApplicationSupportsIndirectInputEvents = YES;
				INFOPLIST_KEY_UILaunchStoryboardName = LaunchScreen;
				INFOPLIST_KEY_UIMainStoryboardFile = Main;
				INFOPLIST_KEY_UISupportedInterfaceOrientations_iPad = "UIInterfaceOrientationPortrait UIInterfaceOrientationPortraitUpsideDown UIInterfaceOrientationLandscapeLeft UIInterfaceOrientationLandscapeRight";
				INFOPLIST_KEY_UISupportedInterfaceOrientations_iPhone = "UIInterfaceOrientationPortrait UIInterfaceOrientationLandscapeLeft UIInterfaceOrientationLandscapeRight";
				LD_RUNPATH_SEARCH_PATHS = (
					"$(inherited)",
					"@executable_path/Frameworks",
				);
				MARKETING_VERSION = 1.0;
				PRODUCT_BUNDLE_IDENTIFIER = Choi.StoryboardTest;
				PRODUCT_NAME = "$(TARGET_NAME)";
				SWIFT_EMIT_LOC_STRINGS = YES;
				SWIFT_VERSION = 5.0;
				TARGETED_DEVICE_FAMILY = "1,2";
			};
			name = Debug;
		};
		CD54B09529952EB7006AEF7A /* Release */ = {
			isa = XCBuildConfiguration;
			buildSettings = {
				ASSETCATALOG_COMPILER_APPICON_NAME = AppIcon;
				ASSETCATALOG_COMPILER_GLOBAL_ACCENT_COLOR_NAME = AccentColor;
				CODE_SIGN_STYLE = Automatic;
				CURRENT_PROJECT_VERSION = 1;
				DEVELOPMENT_TEAM = P3KXNQ9736;
				GENERATE_INFOPLIST_FILE = YES;
				INFOPLIST_FILE = StoryboardTest/Info.plist;
				INFOPLIST_KEY_UIApplicationSupportsIndirectInputEvents = YES;
				INFOPLIST_KEY_UILaunchStoryboardName = LaunchScreen;
				INFOPLIST_KEY_UIMainStoryboardFile = Main;
				INFOPLIST_KEY_UISupportedInterfaceOrientations_iPad = "UIInterfaceOrientationPortrait UIInterfaceOrientationPortraitUpsideDown UIInterfaceOrientationLandscapeLeft UIInterfaceOrientationLandscapeRight";
				INFOPLIST_KEY_UISupportedInterfaceOrientations_iPhone = "UIInterfaceOrientationPortrait UIInterfaceOrientationLandscapeLeft UIInterfaceOrientationLandscapeRight";
				LD_RUNPATH_SEARCH_PATHS = (
					"$(inherited)",
					"@executable_path/Frameworks",
				);
				MARKETING_VERSION = 1.0;
				PRODUCT_BUNDLE_IDENTIFIER = Choi.StoryboardTest;
				PRODUCT_NAME = "$(TARGET_NAME)";
				SWIFT_EMIT_LOC_STRINGS = YES;
				SWIFT_VERSION = 5.0;
				TARGETED_DEVICE_FAMILY = "1,2";
			};
			name = Release;
		};
		CD54B09729952EB7006AEF7A /* Debug */ = {
			isa = XCBuildConfiguration;
			buildSettings = {
				ALWAYS_EMBED_SWIFT_STANDARD_LIBRARIES = YES;
				BUNDLE_LOADER = "$(TEST_HOST)";
				CODE_SIGN_STYLE = Automatic;
				CURRENT_PROJECT_VERSION = 1;
				DEVELOPMENT_TEAM = P3KXNQ9736;
				GENERATE_INFOPLIST_FILE = YES;
				IPHONEOS_DEPLOYMENT_TARGET = 16.2;
				MARKETING_VERSION = 1.0;
				PRODUCT_BUNDLE_IDENTIFIER = Choi.StoryboardTestTests;
				PRODUCT_NAME = "$(TARGET_NAME)";
				SWIFT_EMIT_LOC_STRINGS = NO;
				SWIFT_VERSION = 5.0;
				TARGETED_DEVICE_FAMILY = "1,2";
				TEST_HOST = "$(BUILT_PRODUCTS_DIR)/StoryboardTest.app/$(BUNDLE_EXECUTABLE_FOLDER_PATH)/StoryboardTest";
			};
			name = Debug;
		};
		CD54B09829952EB7006AEF7A /* Release */ = {
			isa = XCBuildConfiguration;
			buildSettings = {
				ALWAYS_EMBED_SWIFT_STANDARD_LIBRARIES = YES;
				BUNDLE_LOADER = "$(TEST_HOST)";
				CODE_SIGN_STYLE = Automatic;
				CURRENT_PROJECT_VERSION = 1;
				DEVELOPMENT_TEAM = P3KXNQ9736;
				GENERATE_INFOPLIST_FILE = YES;
				IPHONEOS_DEPLOYMENT_TARGET = 16.2;
				MARKETING_VERSION = 1.0;
				PRODUCT_BUNDLE_IDENTIFIER = Choi.StoryboardTestTests;
				PRODUCT_NAME = "$(TARGET_NAME)";
				SWIFT_EMIT_LOC_STRINGS = NO;
				SWIFT_VERSION = 5.0;
				TARGETED_DEVICE_FAMILY = "1,2";
				TEST_HOST = "$(BUILT_PRODUCTS_DIR)/StoryboardTest.app/$(BUNDLE_EXECUTABLE_FOLDER_PATH)/StoryboardTest";
			};
			name = Release;
		};
		CD54B09A29952EB7006AEF7A /* Debug */ = {
			isa = XCBuildConfiguration;
			buildSettings = {
				ALWAYS_EMBED_SWIFT_STANDARD_LIBRARIES = YES;
				CODE_SIGN_STYLE = Automatic;
				CURRENT_PROJECT_VERSION = 1;
				DEVELOPMENT_TEAM = P3KXNQ9736;
				GENERATE_INFOPLIST_FILE = YES;
				MARKETING_VERSION = 1.0;
				PRODUCT_BUNDLE_IDENTIFIER = Choi.StoryboardTestUITests;
				PRODUCT_NAME = "$(TARGET_NAME)";
				SWIFT_EMIT_LOC_STRINGS = NO;
				SWIFT_VERSION = 5.0;
				TARGETED_DEVICE_FAMILY = "1,2";
				TEST_TARGET_NAME = StoryboardTest;
			};
			name = Debug;
		};
		CD54B09B29952EB7006AEF7A /* Release */ = {
			isa = XCBuildConfiguration;
			buildSettings = {
				ALWAYS_EMBED_SWIFT_STANDARD_LIBRARIES = YES;
				CODE_SIGN_STYLE = Automatic;
				CURRENT_PROJECT_VERSION = 1;
				DEVELOPMENT_TEAM = P3KXNQ9736;
				GENERATE_INFOPLIST_FILE = YES;
				MARKETING_VERSION = 1.0;
				PRODUCT_BUNDLE_IDENTIFIER = Choi.StoryboardTestUITests;
				PRODUCT_NAME = "$(TARGET_NAME)";
				SWIFT_EMIT_LOC_STRINGS = NO;
				SWIFT_VERSION = 5.0;
				TARGETED_DEVICE_FAMILY = "1,2";
				TEST_TARGET_NAME = StoryboardTest;
			};
			name = Release;
		};
/* End XCBuildConfiguration section */

/* Begin XCConfigurationList section */
		CD54B06429952EB6006AEF7A /* Build configuration list for PBXProject "StoryboardTest" */ = {
			isa = XCConfigurationList;
			buildConfigurations = (
				CD54B09129952EB7006AEF7A /* Debug */,
				CD54B09229952EB7006AEF7A /* Release */,
			);
			defaultConfigurationIsVisible = 0;
			defaultConfigurationName = Release;
		};
		CD54B09329952EB7006AEF7A /* Build configuration list for PBXNativeTarget "StoryboardTest" */ = {
			isa = XCConfigurationList;
			buildConfigurations = (
				CD54B09429952EB7006AEF7A /* Debug */,
				CD54B09529952EB7006AEF7A /* Release */,
			);
			defaultConfigurationIsVisible = 0;
			defaultConfigurationName = Release;
		};
		CD54B09629952EB7006AEF7A /* Build configuration list for PBXNativeTarget "StoryboardTestTests" */ = {
			isa = XCConfigurationList;
			buildConfigurations = (
				CD54B09729952EB7006AEF7A /* Debug */,
				CD54B09829952EB7006AEF7A /* Release */,
			);
			defaultConfigurationIsVisible = 0;
			defaultConfigurationName = Release;
		};
		CD54B09929952EB7006AEF7A /* Build configuration list for PBXNativeTarget "StoryboardTestUITests" */ = {
			isa = XCConfigurationList;
			buildConfigurations = (
				CD54B09A29952EB7006AEF7A /* Debug */,
				CD54B09B29952EB7006AEF7A /* Release */,
			);
			defaultConfigurationIsVisible = 0;
			defaultConfigurationName = Release;
		};
/* End XCConfigurationList section */
	};
	rootObject = CD54B06129952EB6006AEF7A /* Project object */;
}
